// !$*UTF8*$!
{
	archiveVersion = 1;
	classes = {
	};
	objectVersion = 46;
	objects = {

/* Begin PBXBuildFile section */
		D5CE62271C74B6AC0009AF18 /* main.m in Sources */ = {isa = PBXBuildFile; fileRef = D5CE62261C74B6AC0009AF18 /* main.m */; };
		D5CE622A1C74B6AC0009AF18 /* AppDelegate.m in Sources */ = {isa = PBXBuildFile; fileRef = D5CE62291C74B6AC0009AF18 /* AppDelegate.m */; };
		D5CE622D1C74B6AC0009AF18 /* ViewController.m in Sources */ = {isa = PBXBuildFile; fileRef = D5CE622C1C74B6AC0009AF18 /* ViewController.m */; };
		D5CE62301C74B6AC0009AF18 /* Main.storyboard in Resources */ = {isa = PBXBuildFile; fileRef = D5CE622E1C74B6AC0009AF18 /* Main.storyboard */; };
		D5CE62321C74B6AC0009AF18 /* Assets.xcassets in Resources */ = {isa = PBXBuildFile; fileRef = D5CE62311C74B6AC0009AF18 /* Assets.xcassets */; };
		D5CE62351C74B6AC0009AF18 /* LaunchScreen.storyboard in Resources */ = {isa = PBXBuildFile; fileRef = D5CE62331C74B6AC0009AF18 /* LaunchScreen.storyboard */; };
		D5CE62401C74B6AC0009AF18 /* terminalCompilerTests.m in Sources */ = {isa = PBXBuildFile; fileRef = D5CE623F1C74B6AC0009AF18 /* terminalCompilerTests.m */; };
		D5CE624C1C74B6FF0009AF18 /* DummyManager.m in Sources */ = {isa = PBXBuildFile; fileRef = D5CE624B1C74B6FF0009AF18 /* DummyManager.m */; };
/* End PBXBuildFile section */

/* Begin PBXContainerItemProxy section */
		D5CE623C1C74B6AC0009AF18 /* PBXContainerItemProxy */ = {
			isa = PBXContainerItemProxy;
			containerPortal = D5CE621A1C74B6AC0009AF18 /* Project object */;
			proxyType = 1;
			remoteGlobalIDString = D5CE62211C74B6AC0009AF18;
			remoteInfo = terminalCompiler;
		};
/* End PBXContainerItemProxy section */

/* Begin PBXFileReference section */
		D5CE62221C74B6AC0009AF18 /* terminalCompiler.app */ = {isa = PBXFileReference; explicitFileType = wrapper.application; includeInIndex = 0; path = terminalCompiler.app; sourceTree = BUILT_PRODUCTS_DIR; };
		D5CE62261C74B6AC0009AF18 /* main.m */ = {isa = PBXFileReference; lastKnownFileType = sourcecode.c.objc; path = main.m; sourceTree = "<group>"; };
		D5CE62281C74B6AC0009AF18 /* AppDelegate.h */ = {isa = PBXFileReference; lastKnownFileType = sourcecode.c.h; path = AppDelegate.h; sourceTree = "<group>"; };
		D5CE62291C74B6AC0009AF18 /* AppDelegate.m */ = {isa = PBXFileReference; lastKnownFileType = sourcecode.c.objc; path = AppDelegate.m; sourceTree = "<group>"; };
		D5CE622B1C74B6AC0009AF18 /* ViewController.h */ = {isa = PBXFileReference; lastKnownFileType = sourcecode.c.h; path = ViewController.h; sourceTree = "<group>"; };
		D5CE622C1C74B6AC0009AF18 /* ViewController.m */ = {isa = PBXFileReference; lastKnownFileType = sourcecode.c.objc; path = ViewController.m; sourceTree = "<group>"; };
		D5CE622F1C74B6AC0009AF18 /* Base */ = {isa = PBXFileReference; lastKnownFileType = file.storyboard; name = Base; path = Base.lproj/Main.storyboard; sourceTree = "<group>"; };
		D5CE62311C74B6AC0009AF18 /* Assets.xcassets */ = {isa = PBXFileReference; lastKnownFileType = folder.assetcatalog; path = Assets.xcassets; sourceTree = "<group>"; };
		D5CE62341C74B6AC0009AF18 /* Base */ = {isa = PBXFileReference; lastKnownFileType = file.storyboard; name = Base; path = Base.lproj/LaunchScreen.storyboard; sourceTree = "<group>"; };
		D5CE62361C74B6AC0009AF18 /* Info.plist */ = {isa = PBXFileReference; lastKnownFileType = text.plist.xml; path = Info.plist; sourceTree = "<group>"; };
		D5CE623B1C74B6AC0009AF18 /* terminalCompilerTests.xctest */ = {isa = PBXFileReference; explicitFileType = wrapper.cfbundle; includeInIndex = 0; path = terminalCompilerTests.xctest; sourceTree = BUILT_PRODUCTS_DIR; };
		D5CE623F1C74B6AC0009AF18 /* terminalCompilerTests.m */ = {isa = PBXFileReference; lastKnownFileType = sourcecode.c.objc; path = terminalCompilerTests.m; sourceTree = "<group>"; };
		D5CE62411C74B6AC0009AF18 /* Info.plist */ = {isa = PBXFileReference; lastKnownFileType = text.plist.xml; path = Info.plist; sourceTree = "<group>"; };
		D5CE624A1C74B6FF0009AF18 /* DummyManager.h */ = {isa = PBXFileReference; fileEncoding = 4; lastKnownFileType = sourcecode.c.h; path = DummyManager.h; sourceTree = "<group>"; };
		D5CE624B1C74B6FF0009AF18 /* DummyManager.m */ = {isa = PBXFileReference; fileEncoding = 4; lastKnownFileType = sourcecode.c.objc; path = DummyManager.m; sourceTree = "<group>"; };
/* End PBXFileReference section */

/* Begin PBXFrameworksBuildPhase section */
		D5CE621F1C74B6AC0009AF18 /* Frameworks */ = {
			isa = PBXFrameworksBuildPhase;
			buildActionMask = 2147483647;
			files = (
			);
			runOnlyForDeploymentPostprocessing = 0;
		};
		D5CE62381C74B6AC0009AF18 /* Frameworks */ = {
			isa = PBXFrameworksBuildPhase;
			buildActionMask = 2147483647;
			files = (
			);
			runOnlyForDeploymentPostprocessing = 0;
		};
/* End PBXFrameworksBuildPhase section */

/* Begin PBXGroup section */
		D5CE62191C74B6AC0009AF18 = {
			isa = PBXGroup;
			children = (
				D5CE62241C74B6AC0009AF18 /* terminalCompiler */,
				D5CE623E1C74B6AC0009AF18 /* terminalCompilerTests */,
				D5CE62231C74B6AC0009AF18 /* Products */,
			);
			sourceTree = "<group>";
		};
		D5CE62231C74B6AC0009AF18 /* Products */ = {
			isa = PBXGroup;
			children = (
				D5CE62221C74B6AC0009AF18 /* terminalCompiler.app */,
				D5CE623B1C74B6AC0009AF18 /* terminalCompilerTests.xctest */,
			);
			name = Products;
			sourceTree = "<group>";
		};
		D5CE62241C74B6AC0009AF18 /* terminalCompiler */ = {
			isa = PBXGroup;
			children = (
				D5CE62281C74B6AC0009AF18 /* AppDelegate.h */,
				D5CE62291C74B6AC0009AF18 /* AppDelegate.m */,
				D5CE622B1C74B6AC0009AF18 /* ViewController.h */,
				D5CE622C1C74B6AC0009AF18 /* ViewController.m */,
				D5CE622E1C74B6AC0009AF18 /* Main.storyboard */,
				D5CE62311C74B6AC0009AF18 /* Assets.xcassets */,
				D5CE62331C74B6AC0009AF18 /* LaunchScreen.storyboard */,
				D5CE62361C74B6AC0009AF18 /* Info.plist */,
				D5CE62251C74B6AC0009AF18 /* Supporting Files */,
				D5CE624A1C74B6FF0009AF18 /* DummyManager.h */,
				D5CE624B1C74B6FF0009AF18 /* DummyManager.m */,
			);
			path = terminalCompiler;
			sourceTree = "<group>";
		};
		D5CE62251C74B6AC0009AF18 /* Supporting Files */ = {
			isa = PBXGroup;
			children = (
				D5CE62261C74B6AC0009AF18 /* main.m */,
			);
			name = "Supporting Files";
			sourceTree = "<group>";
		};
		D5CE623E1C74B6AC0009AF18 /* terminalCompilerTests */ = {
			isa = PBXGroup;
			children = (
				D5CE623F1C74B6AC0009AF18 /* terminalCompilerTests.m */,
				D5CE62411C74B6AC0009AF18 /* Info.plist */,
			);
			path = terminalCompilerTests;
			sourceTree = "<group>";
		};
/* End PBXGroup section */

/* Begin PBXNativeTarget section */
		D5CE62211C74B6AC0009AF18 /* terminalCompiler */ = {
			isa = PBXNativeTarget;
			buildConfigurationList = D5CE62441C74B6AC0009AF18 /* Build configuration list for PBXNativeTarget "terminalCompiler" */;
			buildPhases = (
				D5CE621E1C74B6AC0009AF18 /* Sources */,
				D5CE621F1C74B6AC0009AF18 /* Frameworks */,
				D5CE62201C74B6AC0009AF18 /* Resources */,
			);
			buildRules = (
			);
			dependencies = (
			);
			name = terminalCompiler;
			productName = terminalCompiler;
			productReference = D5CE62221C74B6AC0009AF18 /* terminalCompiler.app */;
			productType = "com.apple.product-type.application";
		};
		D5CE623A1C74B6AC0009AF18 /* terminalCompilerTests */ = {
			isa = PBXNativeTarget;
			buildConfigurationList = D5CE62471C74B6AC0009AF18 /* Build configuration list for PBXNativeTarget "terminalCompilerTests" */;
			buildPhases = (
				D5CE62371C74B6AC0009AF18 /* Sources */,
				D5CE62381C74B6AC0009AF18 /* Frameworks */,
				D5CE62391C74B6AC0009AF18 /* Resources */,
			);
			buildRules = (
			);
			dependencies = (
				D5CE623D1C74B6AC0009AF18 /* PBXTargetDependency */,
			);
			name = terminalCompilerTests;
			productName = terminalCompilerTests;
			productReference = D5CE623B1C74B6AC0009AF18 /* terminalCompilerTests.xctest */;
			productType = "com.apple.product-type.bundle.unit-test";
		};
/* End PBXNativeTarget section */

/* Begin PBXProject section */
		D5CE621A1C74B6AC0009AF18 /* Project object */ = {
			isa = PBXProject;
			attributes = {
				LastUpgradeCheck = 0720;
				ORGANIZATIONNAME = "David Martin";
				TargetAttributes = {
					D5CE62211C74B6AC0009AF18 = {
						CreatedOnToolsVersion = 7.2.1;
					};
					D5CE623A1C74B6AC0009AF18 = {
						CreatedOnToolsVersion = 7.2.1;
						TestTargetID = D5CE62211C74B6AC0009AF18;
					};
				};
			};
			buildConfigurationList = D5CE621D1C74B6AC0009AF18 /* Build configuration list for PBXProject "terminalCompiler" */;
			compatibilityVersion = "Xcode 3.2";
			developmentRegion = English;
			hasScannedForEncodings = 0;
			knownRegions = (
				en,
				Base,
			);
			mainGroup = D5CE62191C74B6AC0009AF18;
			productRefGroup = D5CE62231C74B6AC0009AF18 /* Products */;
			projectDirPath = "";
			projectRoot = "";
			targets = (
				D5CE62211C74B6AC0009AF18 /* terminalCompiler */,
				D5CE623A1C74B6AC0009AF18 /* terminalCompilerTests */,
			);
		};
/* End PBXProject section */

/* Begin PBXResourcesBuildPhase section */
		D5CE62201C74B6AC0009AF18 /* Resources */ = {
			isa = PBXResourcesBuildPhase;
			buildActionMask = 2147483647;
			files = (
				D5CE62351C74B6AC0009AF18 /* LaunchScreen.storyboard in Resources */,
				D5CE62321C74B6AC0009AF18 /* Assets.xcassets in Resources */,
				D5CE62301C74B6AC0009AF18 /* Main.storyboard in Resources */,
			);
			runOnlyForDeploymentPostprocessing = 0;
		};
		D5CE62391C74B6AC0009AF18 /* Resources */ = {
			isa = PBXResourcesBuildPhase;
			buildActionMask = 2147483647;
			files = (
			);
			runOnlyForDeploymentPostprocessing = 0;
		};
/* End PBXResourcesBuildPhase section */

/* Begin PBXSourcesBuildPhase section */
		D5CE621E1C74B6AC0009AF18 /* Sources */ = {
			isa = PBXSourcesBuildPhase;
			buildActionMask = 2147483647;
			files = (
				D5CE624C1C74B6FF0009AF18 /* DummyManager.m in Sources */,
				D5CE622D1C74B6AC0009AF18 /* ViewController.m in Sources */,
				D5CE622A1C74B6AC0009AF18 /* AppDelegate.m in Sources */,
				D5CE62271C74B6AC0009AF18 /* main.m in Sources */,
			);
			runOnlyForDeploymentPostprocessing = 0;
		};
		D5CE62371C74B6AC0009AF18 /* Sources */ = {
			isa = PBXSourcesBuildPhase;
			buildActionMask = 2147483647;
			files = (
				D5CE62401C74B6AC0009AF18 /* terminalCompilerTests.m in Sources */,
			);
			runOnlyForDeploymentPostprocessing = 0;
		};
/* End PBXSourcesBuildPhase section */

/* Begin PBXTargetDependency section */
		D5CE623D1C74B6AC0009AF18 /* PBXTargetDependency */ = {
			isa = PBXTargetDependency;
			target = D5CE62211C74B6AC0009AF18 /* terminalCompiler */;
			targetProxy = D5CE623C1C74B6AC0009AF18 /* PBXContainerItemProxy */;
		};
/* End PBXTargetDependency section */

/* Begin PBXVariantGroup section */
		D5CE622E1C74B6AC0009AF18 /* Main.storyboard */ = {
			isa = PBXVariantGroup;
			children = (
				D5CE622F1C74B6AC0009AF18 /* Base */,
			);
			name = Main.storyboard;
			sourceTree = "<group>";
		};
		D5CE62331C74B6AC0009AF18 /* LaunchScreen.storyboard */ = {
			isa = PBXVariantGroup;
			children = (
				D5CE62341C74B6AC0009AF18 /* Base */,
			);
			name = LaunchScreen.storyboard;
			sourceTree = "<group>";
		};
/* End PBXVariantGroup section */

/* Begin XCBuildConfiguration section */
		D5CE62421C74B6AC0009AF18 /* Debug */ = {
			isa = XCBuildConfiguration;
			buildSettings = {
				ALWAYS_SEARCH_USER_PATHS = NO;
				CLANG_CXX_LANGUAGE_STANDARD = "gnu++0x";
				CLANG_CXX_LIBRARY = "libc++";
				CLANG_ENABLE_MODULES = YES;
				CLANG_ENABLE_OBJC_ARC = YES;
				CLANG_WARN_BOOL_CONVERSION = YES;
				CLANG_WARN_CONSTANT_CONVERSION = YES;
				CLANG_WARN_DIRECT_OBJC_ISA_USAGE = YES_ERROR;
				CLANG_WARN_EMPTY_BODY = YES;
				CLANG_WARN_ENUM_CONVERSION = YES;
				CLANG_WARN_INT_CONVERSION = YES;
				CLANG_WARN_OBJC_ROOT_CLASS = YES_ERROR;
				CLANG_WARN_UNREACHABLE_CODE = YES;
				CLANG_WARN__DUPLICATE_METHOD_MATCH = YES;
				"CODE_SIGN_IDENTITY[sdk=iphoneos*]" = "iPhone Developer";
				COPY_PHASE_STRIP = NO;
				DEBUG_INFORMATION_FORMAT = dwarf;
				ENABLE_STRICT_OBJC_MSGSEND = YES;
				ENABLE_TESTABILITY = YES;
				GCC_C_LANGUAGE_STANDARD = gnu99;
				GCC_DYNAMIC_NO_PIC = NO;
				GCC_NO_COMMON_BLOCKS = YES;
				GCC_OPTIMIZATION_LEVEL = 0;
				GCC_PREPROCESSOR_DEFINITIONS = (
					"DEBUG=1",
					"$(inherited)",
				);
				GCC_WARN_64_TO_32_BIT_CONVERSION = YES;
				GCC_WARN_ABOUT_RETURN_TYPE = YES_ERROR;
				GCC_WARN_UNDECLARED_SELECTOR = YES;
				GCC_WARN_UNINITIALIZED_AUTOS = YES_AGGRESSIVE;
				GCC_WARN_UNUSED_FUNCTION = YES;
				GCC_WARN_UNUSED_VARIABLE = YES;
				IPHONEOS_DEPLOYMENT_TARGET = 9.2;
				MTL_ENABLE_DEBUG_INFO = YES;
				ONLY_ACTIVE_ARCH = NO;
				SDKROOT = iphoneos;
				TARGETED_DEVICE_FAMILY = "1,2";
			};
			name = Debug;
		};
		D5CE62431C74B6AC0009AF18 /* Release */ = {
			isa = XCBuildConfiguration;
			buildSettings = {
				ALWAYS_SEARCH_USER_PATHS = NO;
				CLANG_CXX_LANGUAGE_STANDARD = "gnu++0x";
				CLANG_CXX_LIBRARY = "libc++";
				CLANG_ENABLE_MODULES = YES;
				CLANG_ENABLE_OBJC_ARC = YES;
				CLANG_WARN_BOOL_CONVERSION = YES;
				CLANG_WARN_CONSTANT_CONVERSION = YES;
				CLANG_WARN_DIRECT_OBJC_ISA_USAGE = YES_ERROR;
				CLANG_WARN_EMPTY_BODY = YES;
				CLANG_WARN_ENUM_CONVERSION = YES;
				CLANG_WARN_INT_CONVERSION = YES;
				CLANG_WARN_OBJC_ROOT_CLASS = YES_ERROR;
				CLANG_WARN_UNREACHABLE_CODE = YES;
				CLANG_WARN__DUPLICATE_METHOD_MATCH = YES;
				"CODE_SIGN_IDENTITY[sdk=iphoneos*]" = "iPhone Developer";
				COPY_PHASE_STRIP = NO;
				DEBUG_INFORMATION_FORMAT = "dwarf-with-dsym";
				ENABLE_NS_ASSERTIONS = NO;
				ENABLE_STRICT_OBJC_MSGSEND = YES;
				GCC_C_LANGUAGE_STANDARD = gnu99;
				GCC_NO_COMMON_BLOCKS = YES;
				GCC_WARN_64_TO_32_BIT_CONVERSION = YES;
				GCC_WARN_ABOUT_RETURN_TYPE = YES_ERROR;
				GCC_WARN_UNDECLARED_SELECTOR = YES;
				GCC_WARN_UNINITIALIZED_AUTOS = YES_AGGRESSIVE;
				GCC_WARN_UNUSED_FUNCTION = YES;
				GCC_WARN_UNUSED_VARIABLE = YES;
				IPHONEOS_DEPLOYMENT_TARGET = 9.2;
				MTL_ENABLE_DEBUG_INFO = NO;
				ONLY_ACTIVE_ARCH = NO;
				SDKROOT = iphoneos;
				TARGETED_DEVICE_FAMILY = "1,2";
				VALIDATE_PRODUCT = YES;
			};
			name = Release;
		};
		D5CE62451C74B6AC0009AF18 /* Debug */ = {
			isa = XCBuildConfiguration;
			buildSettings = {
				ASSETCATALOG_COMPILER_APPICON_NAME = AppIcon;
				CODE_SIGN_IDENTITY = "iPhone Developer";
				INFOPLIST_FILE = terminalCompiler/Info.plist;
				IPHONEOS_DEPLOYMENT_TARGET = 6.0;
				LD_RUNPATH_SEARCH_PATHS = "$(inherited) @executable_path/Frameworks";
				PRODUCT_BUNDLE_IDENTIFIER = com.martinmacias.terminalCompiler;
				PRODUCT_NAME = "$(TARGET_NAME)";
			};
			name = Debug;
		};
		D5CE62461C74B6AC0009AF18 /* Release */ = {
			isa = XCBuildConfiguration;
			buildSettings = {
				ASSETCATALOG_COMPILER_APPICON_NAME = AppIcon;
				CODE_SIGN_IDENTITY = "iPhone Developer";
				INFOPLIST_FILE = terminalCompiler/Info.plist;
				IPHONEOS_DEPLOYMENT_TARGET = 6.0;
				LD_RUNPATH_SEARCH_PATHS = "$(inherited) @executable_path/Frameworks";
				PRODUCT_BUNDLE_IDENTIFIER = com.martinmacias.terminalCompiler;
				PRODUCT_NAME = "$(TARGET_NAME)";
			};
			name = Release;
		};
		D5CE62481C74B6AC0009AF18 /* Debug */ = {
			isa = XCBuildConfiguration;
			buildSettings = {
				BUNDLE_LOADER = "$(TEST_HOST)";
				INFOPLIST_FILE = terminalCompilerTests/Info.plist;
				LD_RUNPATH_SEARCH_PATHS = "$(inherited) @executable_path/Frameworks @loader_path/Frameworks";
				PRODUCT_BUNDLE_IDENTIFIER = com.martinmacias.terminalCompilerTests;
				PRODUCT_NAME = "$(TARGET_NAME)";
				TEST_HOST = "$(BUILT_PRODUCTS_DIR)/terminalCompiler.app/terminalCompiler";
			};
			name = Debug;
		};
		D5CE62491C74B6AC0009AF18 /* Release */ = {
			isa = XCBuildConfiguration;
			buildSettings = {
				BUNDLE_LOADER = "$(TEST_HOST)";
				INFOPLIST_FILE = terminalCompilerTests/Info.plist;
				LD_RUNPATH_SEARCH_PATHS = "$(inherited) @executable_path/Frameworks @loader_path/Frameworks";
				PRODUCT_BUNDLE_IDENTIFIER = com.martinmacias.terminalCompilerTests;
				PRODUCT_NAME = "$(TARGET_NAME)";
				TEST_HOST = "$(BUILT_PRODUCTS_DIR)/terminalCompiler.app/terminalCompiler";
			};
			name = Release;
		};
/* End XCBuildConfiguration section */

/* Begin XCConfigurationList section */
		D5CE621D1C74B6AC0009AF18 /* Build configuration list for PBXProject "terminalCompiler" */ = {
			isa = XCConfigurationList;
			buildConfigurations = (
				D5CE62421C74B6AC0009AF18 /* Debug */,
				D5CE62431C74B6AC0009AF18 /* Release */,
			);
			defaultConfigurationIsVisible = 0;
			defaultConfigurationName = Release;
		};
		D5CE62441C74B6AC0009AF18 /* Build configuration list for PBXNativeTarget "terminalCompiler" */ = {
			isa = XCConfigurationList;
			buildConfigurations = (
				D5CE62451C74B6AC0009AF18 /* Debug */,
				D5CE62461C74B6AC0009AF18 /* Release */,
			);
			defaultConfigurationIsVisible = 0;
		};
		D5CE62471C74B6AC0009AF18 /* Build configuration list for PBXNativeTarget "terminalCompilerTests" */ = {
			isa = XCConfigurationList;
			buildConfigurations = (
				D5CE62481C74B6AC0009AF18 /* Debug */,
				D5CE62491C74B6AC0009AF18 /* Release */,
			);
			defaultConfigurationIsVisible = 0;
		};
/* End XCConfigurationList section */
	};
	rootObject = D5CE621A1C74B6AC0009AF18 /* Project object */;
}
